
Microsoft Visual Studio Solution File, Format Version 12.00
# Visual Studio Version 16
VisualStudioVersion = 16.0.35130.168
MinimumVisualStudioVersion = 10.0.40219.1
Project("{9A19103F-16F7-4668-BE54-9A1E7A4F7556}") = "MyAlgorithms", "MyAlgorithms\MyAlgorithms.csproj", "{733609D4-8056-4BF9-BF0C-0802CD67C153}"
EndProject
Project("{9A19103F-16F7-4668-BE54-9A1E7A4F7556}") = "MyAlgorithm.ConsoleApp", "MyAlgorithm.ConsoleApp\MyAlgorithm.ConsoleApp.csproj", "{E5CA0D3C-B355-4E1D-B3DC-A3E74847F05D}"
EndProject
Project("{9A19103F-16F7-4668-BE54-9A1E7A4F7556}") = "MyAlgorithmWinFormsApp", "MyAlgorithmWinFormsApp\MyAlgorithmWinFormsApp\MyAlgorithmWinFormsApp.csproj", "{C2C046DD-857A-4367-B34F-2FB8F97AC041}"
EndProject
Project("{9A19103F-16F7-4668-BE54-9A1E7A4F7556}") = "MyAlgorithms.tests", "MyAlgorithms.tests\MyAlgorithms.tests.csproj", "{FE6D9631-FB06-4067-AB97-1D6DDA308FE0}"
EndProject
Project("{2150E333-8FDC-42A3-9474-1A3956D46DE8}") = "UI", "UI", "{3B7102E1-B709-4A5A-9241-64801F2111ED}"
EndProject
Project("{FAE04EC0-301F-11D3-BF4B-00C04F79EFBC}") = "NuGetPackageTest", "NuGetPackageTest\NuGetPackageTest.csproj", "{043B6090-C113-4EC4-8C3F-AF9FA6C08F00}"
EndProject
Global
	GlobalSection(SolutionConfigurationPlatforms) = preSolution
		Debug|Any CPU = Debug|Any CPU
		Release|Any CPU = Release|Any CPU
	EndGlobalSection
	GlobalSection(ProjectConfigurationPlatforms) = postSolution
		{733609D4-8056-4BF9-BF0C-0802CD67C153}.Debug|Any CPU.ActiveCfg = Debug|Any CPU
		{733609D4-8056-4BF9-BF0C-0802CD67C153}.Debug|Any CPU.Build.0 = Debug|Any CPU
		{733609D4-8056-4BF9-BF0C-0802CD67C153}.Release|Any CPU.ActiveCfg = Release|Any CPU
		{733609D4-8056-4BF9-BF0C-0802CD67C153}.Release|Any CPU.Build.0 = Release|Any CPU
		{E5CA0D3C-B355-4E1D-B3DC-A3E74847F05D}.Debug|Any CPU.ActiveCfg = Debug|Any CPU
		{E5CA0D3C-B355-4E1D-B3DC-A3E74847F05D}.Debug|Any CPU.Build.0 = Debug|Any CPU
		{E5CA0D3C-B355-4E1D-B3DC-A3E74847F05D}.Release|Any CPU.ActiveCfg = Release|Any CPU
		{E5CA0D3C-B355-4E1D-B3DC-A3E74847F05D}.Release|Any CPU.Build.0 = Release|Any CPU
		{C2C046DD-857A-4367-B34F-2FB8F97AC041}.Debug|Any CPU.ActiveCfg = Debug|Any CPU
		{C2C046DD-857A-4367-B34F-2FB8F97AC041}.Debug|Any CPU.Build.0 = Debug|Any CPU
		{C2C046DD-857A-4367-B34F-2FB8F97AC041}.Release|Any CPU.ActiveCfg = Release|Any CPU
		{C2C046DD-857A-4367-B34F-2FB8F97AC041}.Release|Any CPU.Build.0 = Release|Any CPU
		{FE6D9631-FB06-4067-AB97-1D6DDA308FE0}.Debug|Any CPU.ActiveCfg = Debug|Any CPU
		{FE6D9631-FB06-4067-AB97-1D6DDA308FE0}.Debug|Any CPU.Build.0 = Debug|Any CPU
		{FE6D9631-FB06-4067-AB97-1D6DDA308FE0}.Release|Any CPU.ActiveCfg = Release|Any CPU
		{FE6D9631-FB06-4067-AB97-1D6DDA308FE0}.Release|Any CPU.Build.0 = Release|Any CPU
		{043B6090-C113-4EC4-8C3F-AF9FA6C08F00}.Debug|Any CPU.ActiveCfg = Debug|Any CPU
		{043B6090-C113-4EC4-8C3F-AF9FA6C08F00}.Debug|Any CPU.Build.0 = Debug|Any CPU
		{043B6090-C113-4EC4-8C3F-AF9FA6C08F00}.Release|Any CPU.ActiveCfg = Release|Any CPU
		{043B6090-C113-4EC4-8C3F-AF9FA6C08F00}.Release|Any CPU.Build.0 = Release|Any CPU
	EndGlobalSection
	GlobalSection(SolutionProperties) = preSolution
		HideSolutionNode = FALSE
	EndGlobalSection
	GlobalSection(NestedProjects) = preSolution
		{E5CA0D3C-B355-4E1D-B3DC-A3E74847F05D} = {3B7102E1-B709-4A5A-9241-64801F2111ED}
		{C2C046DD-857A-4367-B34F-2FB8F97AC041} = {3B7102E1-B709-4A5A-9241-64801F2111ED}
	EndGlobalSection
	GlobalSection(ExtensibilityGlobals) = postSolution
		SolutionGuid = {F4FBF0C6-09E3-4707-9A25-7E1853C502DB}
	EndGlobalSection
EndGlobal
