
Microsoft Visual Studio Solution File, Format Version 12.00
# Visual Studio Version 16
VisualStudioVersion = 16.0.35130.168
MinimumVisualStudioVersion = 10.0.40219.1
Project("{9A19103F-16F7-4668-BE54-9A1E7A4F7556}") = "MyAlgorithms", "MyAlgorithms\MyAlgorithms.csproj", "{733609D4-8056-4BF9-BF0C-0802CD67C153}"
EndProject
Project("{9A19103F-16F7-4668-BE54-9A1E7A4F7556}") = "MyAlgorithm.ConsoleApp", "MyAlgorithm.ConsoleApp\MyAlgorithm.ConsoleApp.csproj", "{E5CA0D3C-B355-4E1D-B3DC-A3E74847F05D}"
EndProject
Project("{FAE04EC0-301F-11D3-BF4B-00C04F79EFBC}") = "MyAlgorithms.tests", "MyAlgorithms.tests\MyAlgorithms.tests.csproj", "{66FD678F-EDBF-4DC4-828C-3BF71FAA3C2F}"
EndProject
Project("{9A19103F-16F7-4668-BE54-9A1E7A4F7556}") = "MyAlgorithmWinFormsApp", "MyAlgorithmWinFormsApp\MyAlgorithmWinFormsApp\MyAlgorithmWinFormsApp.csproj", "{C2C046DD-857A-4367-B34F-2FB8F97AC041}"
EndProject
Global
	GlobalSection(SolutionConfigurationPlatforms) = preSolution
		Debug|Any CPU = Debug|Any CPU
		Release|Any CPU = Release|Any CPU
	EndGlobalSection
	GlobalSection(ProjectConfigurationPlatforms) = postSolution
		{733609D4-8056-4BF9-BF0C-0802CD67C153}.Debug|Any CPU.ActiveCfg = Debug|Any CPU
		{733609D4-8056-4BF9-BF0C-0802CD67C153}.Debug|Any CPU.Build.0 = Debug|Any CPU
		{733609D4-8056-4BF9-BF0C-0802CD67C153}.Release|Any CPU.ActiveCfg = Release|Any CPU
		{733609D4-8056-4BF9-BF0C-0802CD67C153}.Release|Any CPU.Build.0 = Release|Any CPU
		{E5CA0D3C-B355-4E1D-B3DC-A3E74847F05D}.Debug|Any CPU.ActiveCfg = Debug|Any CPU
		{E5CA0D3C-B355-4E1D-B3DC-A3E74847F05D}.Debug|Any CPU.Build.0 = Debug|Any CPU
		{E5CA0D3C-B355-4E1D-B3DC-A3E74847F05D}.Release|Any CPU.ActiveCfg = Release|Any CPU
		{E5CA0D3C-B355-4E1D-B3DC-A3E74847F05D}.Release|Any CPU.Build.0 = Release|Any CPU
		{66FD678F-EDBF-4DC4-828C-3BF71FAA3C2F}.Debug|Any CPU.ActiveCfg = Debug|Any CPU
		{66FD678F-EDBF-4DC4-828C-3BF71FAA3C2F}.Debug|Any CPU.Build.0 = Debug|Any CPU
		{66FD678F-EDBF-4DC4-828C-3BF71FAA3C2F}.Release|Any CPU.ActiveCfg = Release|Any CPU
		{66FD678F-EDBF-4DC4-828C-3BF71FAA3C2F}.Release|Any CPU.Build.0 = Release|Any CPU
		{C2C046DD-857A-4367-B34F-2FB8F97AC041}.Debug|Any CPU.ActiveCfg = Debug|Any CPU
		{C2C046DD-857A-4367-B34F-2FB8F97AC041}.Debug|Any CPU.Build.0 = Debug|Any CPU
		{C2C046DD-857A-4367-B34F-2FB8F97AC041}.Release|Any CPU.ActiveCfg = Release|Any CPU
		{C2C046DD-857A-4367-B34F-2FB8F97AC041}.Release|Any CPU.Build.0 = Release|Any CPU
	EndGlobalSection
	GlobalSection(SolutionProperties) = preSolution
		HideSolutionNode = FALSE
	EndGlobalSection
	GlobalSection(ExtensibilityGlobals) = postSolution
		SolutionGuid = {F4FBF0C6-09E3-4707-9A25-7E1853C502DB}
	EndGlobalSection
EndGlobal
